// !$*UTF8*$!
{
	archiveVersion = 1;
	classes = {
	};
	objectVersion = 46;
	objects = {

/* Begin PBXBuildFile section */
		504854B51780FCAB00655429 /* UIKit.framework in Frameworks */ = {isa = PBXBuildFile; fileRef = 504854B41780FCAB00655429 /* UIKit.framework */; };
		504854B71780FCAB00655429 /* Foundation.framework in Frameworks */ = {isa = PBXBuildFile; fileRef = 504854B61780FCAB00655429 /* Foundation.framework */; };
		504854B91780FCAB00655429 /* CoreGraphics.framework in Frameworks */ = {isa = PBXBuildFile; fileRef = 504854B81780FCAB00655429 /* CoreGraphics.framework */; };
		504854BF1780FCAB00655429 /* InfoPlist.strings in Resources */ = {isa = PBXBuildFile; fileRef = 504854BD1780FCAB00655429 /* InfoPlist.strings */; };
		504854C11780FCAB00655429 /* main.m in Sources */ = {isa = PBXBuildFile; fileRef = 504854C01780FCAB00655429 /* main.m */; };
		504854C51780FCAB00655429 /* HKAppDelegate.m in Sources */ = {isa = PBXBuildFile; fileRef = 504854C41780FCAB00655429 /* HKAppDelegate.m */; };
		504854C71780FCAB00655429 /* Default.png in Resources */ = {isa = PBXBuildFile; fileRef = 504854C61780FCAB00655429 /* Default.png */; };
		504854C91780FCAB00655429 /* Default@2x.png in Resources */ = {isa = PBXBuildFile; fileRef = 504854C81780FCAB00655429 /* Default@2x.png */; };
		504854CB1780FCAC00655429 /* Default-568h@2x.png in Resources */ = {isa = PBXBuildFile; fileRef = 504854CA1780FCAC00655429 /* Default-568h@2x.png */; };
		504854D31780FCD100655429 /* HKRewindGestureRecognizer.mm in Sources */ = {isa = PBXBuildFile; fileRef = 504854D21780FCD100655429 /* HKRewindGestureRecognizer.mm */; };
		504854D91784CA9300655429 /* HKRewindViewController.m in Sources */ = {isa = PBXBuildFile; fileRef = 504854D81784CA9300655429 /* HKRewindViewController.m */; };
		504854E01787615100655429 /* HKRewindHUDView.m in Sources */ = {isa = PBXBuildFile; fileRef = 504854DF1787615100655429 /* HKRewindHUDView.m */; };
		56B224CE797D46A1BAEC9D54 /* libPods.a in Frameworks */ = {isa = PBXBuildFile; fileRef = B7A4AD6F7BAF42F9B5AC5ADB /* libPods.a */; };
/* End PBXBuildFile section */

/* Begin PBXFileReference section */
		3BA11DD6474248B4864B10CF /* Pods/Pods.xcconfig */ = {isa = PBXFileReference; includeInIndex = 1; lastKnownFileType = text.xcconfig; path = Pods/Pods.xcconfig; sourceTree = SOURCE_ROOT; };
		504854B11780FCAB00655429 /* HKRewind.app */ = {isa = PBXFileReference; explicitFileType = wrapper.application; includeInIndex = 0; path = HKRewind.app; sourceTree = BUILT_PRODUCTS_DIR; };
		504854B41780FCAB00655429 /* UIKit.framework */ = {isa = PBXFileReference; lastKnownFileType = wrapper.framework; name = UIKit.framework; path = System/Library/Frameworks/UIKit.framework; sourceTree = SDKROOT; };
		504854B61780FCAB00655429 /* Foundation.framework */ = {isa = PBXFileReference; lastKnownFileType = wrapper.framework; name = Foundation.framework; path = System/Library/Frameworks/Foundation.framework; sourceTree = SDKROOT; };
		504854B81780FCAB00655429 /* CoreGraphics.framework */ = {isa = PBXFileReference; lastKnownFileType = wrapper.framework; name = CoreGraphics.framework; path = System/Library/Frameworks/CoreGraphics.framework; sourceTree = SDKROOT; };
		504854BC1780FCAB00655429 /* HKRewind-Info.plist */ = {isa = PBXFileReference; lastKnownFileType = text.plist.xml; path = "HKRewind-Info.plist"; sourceTree = "<group>"; };
		504854BE1780FCAB00655429 /* en */ = {isa = PBXFileReference; lastKnownFileType = text.plist.strings; name = en; path = en.lproj/InfoPlist.strings; sourceTree = "<group>"; };
		504854C01780FCAB00655429 /* main.m */ = {isa = PBXFileReference; lastKnownFileType = sourcecode.c.objc; path = main.m; sourceTree = "<group>"; };
		504854C21780FCAB00655429 /* HKRewind-Prefix.pch */ = {isa = PBXFileReference; lastKnownFileType = sourcecode.c.h; path = "HKRewind-Prefix.pch"; sourceTree = "<group>"; };
		504854C31780FCAB00655429 /* HKAppDelegate.h */ = {isa = PBXFileReference; lastKnownFileType = sourcecode.c.h; path = HKAppDelegate.h; sourceTree = "<group>"; };
		504854C41780FCAB00655429 /* HKAppDelegate.m */ = {isa = PBXFileReference; lastKnownFileType = sourcecode.c.objc; path = HKAppDelegate.m; sourceTree = "<group>"; };
		504854C61780FCAB00655429 /* Default.png */ = {isa = PBXFileReference; lastKnownFileType = image.png; path = Default.png; sourceTree = "<group>"; };
		504854C81780FCAB00655429 /* Default@2x.png */ = {isa = PBXFileReference; lastKnownFileType = image.png; path = "Default@2x.png"; sourceTree = "<group>"; };
		504854CA1780FCAC00655429 /* Default-568h@2x.png */ = {isa = PBXFileReference; lastKnownFileType = image.png; path = "Default-568h@2x.png"; sourceTree = "<group>"; };
		504854D11780FCD100655429 /* HKRewindGestureRecognizer.h */ = {isa = PBXFileReference; fileEncoding = 4; lastKnownFileType = sourcecode.c.h; name = HKRewindGestureRecognizer.h; path = Classes/HKRewindGestureRecognizer.h; sourceTree = "<group>"; };
		504854D21780FCD100655429 /* HKRewindGestureRecognizer.mm */ = {isa = PBXFileReference; fileEncoding = 4; lastKnownFileType = sourcecode.cpp.objcpp; name = HKRewindGestureRecognizer.mm; path = Classes/HKRewindGestureRecognizer.mm; sourceTree = "<group>"; };
		504854D71784CA9300655429 /* HKRewindViewController.h */ = {isa = PBXFileReference; fileEncoding = 4; lastKnownFileType = sourcecode.c.h; path = HKRewindViewController.h; sourceTree = "<group>"; };
		504854D81784CA9300655429 /* HKRewindViewController.m */ = {isa = PBXFileReference; fileEncoding = 4; lastKnownFileType = sourcecode.c.objc; path = HKRewindViewController.m; sourceTree = "<group>"; };
		504854DE1787615100655429 /* HKRewindHUDView.h */ = {isa = PBXFileReference; fileEncoding = 4; lastKnownFileType = sourcecode.c.h; name = HKRewindHUDView.h; path = Classes/HKRewindHUDView.h; sourceTree = "<group>"; };
		504854DF1787615100655429 /* HKRewindHUDView.m */ = {isa = PBXFileReference; fileEncoding = 4; lastKnownFileType = sourcecode.c.objc; name = HKRewindHUDView.m; path = Classes/HKRewindHUDView.m; sourceTree = "<group>"; };
		B7A4AD6F7BAF42F9B5AC5ADB /* libPods.a */ = {isa = PBXFileReference; explicitFileType = archive.ar; includeInIndex = 0; path = libPods.a; sourceTree = BUILT_PRODUCTS_DIR; };
/* End PBXFileReference section */

/* Begin PBXFrameworksBuildPhase section */
		504854AE1780FCAB00655429 /* Frameworks */ = {
			isa = PBXFrameworksBuildPhase;
			buildActionMask = 2147483647;
			files = (
				504854B51780FCAB00655429 /* UIKit.framework in Frameworks */,
				504854B71780FCAB00655429 /* Foundation.framework in Frameworks */,
				504854B91780FCAB00655429 /* CoreGraphics.framework in Frameworks */,
				56B224CE797D46A1BAEC9D54 /* libPods.a in Frameworks */,
			);
			runOnlyForDeploymentPostprocessing = 0;
		};
/* End PBXFrameworksBuildPhase section */

/* Begin PBXGroup section */
		504854A81780FCAB00655429 = {
			isa = PBXGroup;
			children = (
				504854BA1780FCAB00655429 /* HKRewind */,
				504854B31780FCAB00655429 /* Frameworks */,
				504854B21780FCAB00655429 /* Products */,
				3BA11DD6474248B4864B10CF /* Pods/Pods.xcconfig */,
			);
			sourceTree = "<group>";
		};
		504854B21780FCAB00655429 /* Products */ = {
			isa = PBXGroup;
			children = (
				504854B11780FCAB00655429 /* HKRewind.app */,
			);
			name = Products;
			sourceTree = "<group>";
		};
		504854B31780FCAB00655429 /* Frameworks */ = {
			isa = PBXGroup;
			children = (
				504854B41780FCAB00655429 /* UIKit.framework */,
				504854B61780FCAB00655429 /* Foundation.framework */,
				504854B81780FCAB00655429 /* CoreGraphics.framework */,
				B7A4AD6F7BAF42F9B5AC5ADB /* libPods.a */,
			);
			name = Frameworks;
			sourceTree = "<group>";
		};
		504854BA1780FCAB00655429 /* HKRewind */ = {
			isa = PBXGroup;
			children = (
				504854C31780FCAB00655429 /* HKAppDelegate.h */,
				504854C41780FCAB00655429 /* HKAppDelegate.m */,
				504854BB1780FCAB00655429 /* Supporting Files */,
				504854D11780FCD100655429 /* HKRewindGestureRecognizer.h */,
				504854D21780FCD100655429 /* HKRewindGestureRecognizer.mm */,
				504854D71784CA9300655429 /* HKRewindViewController.h */,
				504854D81784CA9300655429 /* HKRewindViewController.m */,
				504854DE1787615100655429 /* HKRewindHUDView.h */,
				504854DF1787615100655429 /* HKRewindHUDView.m */,
			);
			path = HKRewind;
			sourceTree = "<group>";
		};
		504854BB1780FCAB00655429 /* Supporting Files */ = {
			isa = PBXGroup;
			children = (
				504854BC1780FCAB00655429 /* HKRewind-Info.plist */,
				504854BD1780FCAB00655429 /* InfoPlist.strings */,
				504854C01780FCAB00655429 /* main.m */,
				504854C21780FCAB00655429 /* HKRewind-Prefix.pch */,
				504854C61780FCAB00655429 /* Default.png */,
				504854C81780FCAB00655429 /* Default@2x.png */,
				504854CA1780FCAC00655429 /* Default-568h@2x.png */,
			);
			name = "Supporting Files";
			sourceTree = "<group>";
		};
/* End PBXGroup section */

/* Begin PBXNativeTarget section */
		504854B01780FCAB00655429 /* HKRewind */ = {
			isa = PBXNativeTarget;
			buildConfigurationList = 504854CE1780FCAC00655429 /* Build configuration list for PBXNativeTarget "HKRewind" */;
			buildPhases = (
				E0C2F99A81844B758B14FA29 /* Check Pods Manifest.lock */,
				504854AD1780FCAB00655429 /* Sources */,
				504854AE1780FCAB00655429 /* Frameworks */,
				504854AF1780FCAB00655429 /* Resources */,
				892AC622EFDA4DA2A273223C /* Copy Pods Resources */,
			);
			buildRules = (
			);
			dependencies = (
			);
			name = HKRewind;
			productName = HKRewind;
			productReference = 504854B11780FCAB00655429 /* HKRewind.app */;
			productType = "com.apple.product-type.application";
		};
/* End PBXNativeTarget section */

/* Begin PBXProject section */
		504854A91780FCAB00655429 /* Project object */ = {
			isa = PBXProject;
			attributes = {
				CLASSPREFIX = HK;
				LastUpgradeCheck = 0460;
				ORGANIZATIONNAME = "Panos Baroudjian";
			};
			buildConfigurationList = 504854AC1780FCAB00655429 /* Build configuration list for PBXProject "HKRewind" */;
			compatibilityVersion = "Xcode 3.2";
			developmentRegion = English;
			hasScannedForEncodings = 0;
			knownRegions = (
				en,
			);
			mainGroup = 504854A81780FCAB00655429;
			productRefGroup = 504854B21780FCAB00655429 /* Products */;
			projectDirPath = "";
			projectRoot = "";
			targets = (
				504854B01780FCAB00655429 /* HKRewind */,
			);
		};
/* End PBXProject section */

/* Begin PBXResourcesBuildPhase section */
		504854AF1780FCAB00655429 /* Resources */ = {
			isa = PBXResourcesBuildPhase;
			buildActionMask = 2147483647;
			files = (
				504854BF1780FCAB00655429 /* InfoPlist.strings in Resources */,
				504854C71780FCAB00655429 /* Default.png in Resources */,
				504854C91780FCAB00655429 /* Default@2x.png in Resources */,
				504854CB1780FCAC00655429 /* Default-568h@2x.png in Resources */,
			);
			runOnlyForDeploymentPostprocessing = 0;
		};
/* End PBXResourcesBuildPhase section */

/* Begin PBXShellScriptBuildPhase section */
		892AC622EFDA4DA2A273223C /* Copy Pods Resources */ = {
			isa = PBXShellScriptBuildPhase;
			buildActionMask = 2147483647;
			files = (
			);
			inputPaths = (
			);
			name = "Copy Pods Resources";
			outputPaths = (
			);
			runOnlyForDeploymentPostprocessing = 0;
			shellPath = /bin/sh;
			shellScript = "\"${SRCROOT}/Pods/Pods-resources.sh\"\n";
			showEnvVarsInLog = 0;
		};
		E0C2F99A81844B758B14FA29 /* Check Pods Manifest.lock */ = {
			isa = PBXShellScriptBuildPhase;
			buildActionMask = 2147483647;
			files = (
			);
			inputPaths = (
			);
			name = "Check Pods Manifest.lock";
			outputPaths = (
			);
			runOnlyForDeploymentPostprocessing = 0;
			shellPath = /bin/sh;
			shellScript = "diff \"${PODS_ROOT}/../Podfile.lock\" \"${PODS_ROOT}/Manifest.lock\" > /dev/null\nif [[ $? != 0 ]] ; then\n    cat << EOM\nerror: The sandbox is not in sync with the Podfile.lock. Run 'pod install' or update your CocoaPods installation.\nEOM\n    exit 1\nfi\n";
			showEnvVarsInLog = 0;
		};
/* End PBXShellScriptBuildPhase section */

/* Begin PBXSourcesBuildPhase section */
		504854AD1780FCAB00655429 /* Sources */ = {
			isa = PBXSourcesBuildPhase;
			buildActionMask = 2147483647;
			files = (
				504854C11780FCAB00655429 /* main.m in Sources */,
				504854C51780FCAB00655429 /* HKAppDelegate.m in Sources */,
				504854D31780FCD100655429 /* HKRewindGestureRecognizer.mm in Sources */,
				504854D91784CA9300655429 /* HKRewindViewController.m in Sources */,
				504854E01787615100655429 /* HKRewindHUDView.m in Sources */,
			);
			runOnlyForDeploymentPostprocessing = 0;
		};
/* End PBXSourcesBuildPhase section */

/* Begin PBXVariantGroup section */
		504854BD1780FCAB00655429 /* InfoPlist.strings */ = {
			isa = PBXVariantGroup;
			children = (
				504854BE1780FCAB00655429 /* en */,
			);
			name = InfoPlist.strings;
			sourceTree = "<group>";
		};
/* End PBXVariantGroup section */

/* Begin XCBuildConfiguration section */
		504854CC1780FCAC00655429 /* Debug */ = {
			isa = XCBuildConfiguration;
			buildSettings = {
				ALWAYS_SEARCH_USER_PATHS = NO;
				CLANG_CXX_LANGUAGE_STANDARD = "gnu++0x";
				CLANG_CXX_LIBRARY = "libc++";
				CLANG_ENABLE_OBJC_ARC = YES;
				CLANG_WARN_CONSTANT_CONVERSION = YES;
				CLANG_WARN_EMPTY_BODY = YES;
				CLANG_WARN_ENUM_CONVERSION = YES;
				CLANG_WARN_INT_CONVERSION = YES;
				CLANG_WARN__DUPLICATE_METHOD_MATCH = YES;
				"CODE_SIGN_IDENTITY[sdk=iphoneos*]" = "iPhone Developer";
				COPY_PHASE_STRIP = NO;
				GCC_C_LANGUAGE_STANDARD = gnu99;
				GCC_DYNAMIC_NO_PIC = NO;
				GCC_OPTIMIZATION_LEVEL = 0;
				GCC_PREPROCESSOR_DEFINITIONS = (
					"DEBUG=1",
					"$(inherited)",
				);
				GCC_SYMBOLS_PRIVATE_EXTERN = NO;
				GCC_WARN_ABOUT_RETURN_TYPE = YES;
				GCC_WARN_UNINITIALIZED_AUTOS = YES;
				GCC_WARN_UNUSED_VARIABLE = YES;
				IPHONEOS_DEPLOYMENT_TARGET = 6.1;
				ONLY_ACTIVE_ARCH = YES;
				SDKROOT = iphoneos;
			};
			name = Debug;
		};
		504854CD1780FCAC00655429 /* Release */ = {
			isa = XCBuildConfiguration;
			buildSettings = {
				ALWAYS_SEARCH_USER_PATHS = NO;
				CLANG_CXX_LANGUAGE_STANDARD = "gnu++0x";
				CLANG_CXX_LIBRARY = "libc++";
				CLANG_ENABLE_OBJC_ARC = YES;
				CLANG_WARN_CONSTANT_CONVERSION = YES;
				CLANG_WARN_EMPTY_BODY = YES;
				CLANG_WARN_ENUM_CONVERSION = YES;
				CLANG_WARN_INT_CONVERSION = YES;
				CLANG_WARN__DUPLICATE_METHOD_MATCH = YES;
				"CODE_SIGN_IDENTITY[sdk=iphoneos*]" = "iPhone Developer";
				COPY_PHASE_STRIP = YES;
				GCC_C_LANGUAGE_STANDARD = gnu99;
				GCC_WARN_ABOUT_RETURN_TYPE = YES;
				GCC_WARN_UNINITIALIZED_AUTOS = YES;
				GCC_WARN_UNUSED_VARIABLE = YES;
				IPHONEOS_DEPLOYMENT_TARGET = 6.1;
				OTHER_CFLAGS = "-DNS_BLOCK_ASSERTIONS=1";
				SDKROOT = iphoneos;
				VALIDATE_PRODUCT = YES;
			};
			name = Release;
		};
		504854CF1780FCAC00655429 /* Debug */ = {
			isa = XCBuildConfiguration;
			baseConfigurationReference = 3BA11DD6474248B4864B10CF /* Pods/Pods.xcconfig */;
			buildSettings = {
				GCC_PRECOMPILE_PREFIX_HEADER = YES;
				GCC_PREFIX_HEADER = "HKRewind/HKRewind-Prefix.pch";
				GCC_TREAT_WARNINGS_AS_ERRORS = YES;
				GCC_WARN_PEDANTIC = YES;
				INFOPLIST_FILE = "HKRewind/HKRewind-Info.plist";
				IPHONEOS_DEPLOYMENT_TARGET = 6.1;
				PRODUCT_NAME = "$(TARGET_NAME)";
				TARGETED_DEVICE_FAMILY = "1,2";
				WARNING_CFLAGS = "";
				WRAPPER_EXTENSION = app;
			};
			name = Debug;
		};
		504854D01780FCAC00655429 /* Release */ = {
			isa = XCBuildConfiguration;
			baseConfigurationReference = 3BA11DD6474248B4864B10CF /* Pods/Pods.xcconfig */;
			buildSettings = {
				GCC_PRECOMPILE_PREFIX_HEADER = YES;
				GCC_PREFIX_HEADER = "HKRewind/HKRewind-Prefix.pch";
				GCC_TREAT_WARNINGS_AS_ERRORS = YES;
				GCC_WARN_PEDANTIC = YES;
				INFOPLIST_FILE = "HKRewind/HKRewind-Info.plist";
				IPHONEOS_DEPLOYMENT_TARGET = 6.1;
				PRODUCT_NAME = "$(TARGET_NAME)";
				TARGETED_DEVICE_FAMILY = "1,2";
				WARNING_CFLAGS = "";
				WRAPPER_EXTENSION = app;
			};
			name = Release;
		};
/* End XCBuildConfiguration section */

/* Begin XCConfigurationList section */
		504854AC1780FCAB00655429 /* Build configuration list for PBXProject "HKRewind" */ = {
			isa = XCConfigurationList;
			buildConfigurations = (
				504854CC1780FCAC00655429 /* Debug */,
				504854CD1780FCAC00655429 /* Release */,
			);
			defaultConfigurationIsVisible = 0;
			defaultConfigurationName = Release;
		};
		504854CE1780FCAC00655429 /* Build configuration list for PBXNativeTarget "HKRewind" */ = {
			isa = XCConfigurationList;
			buildConfigurations = (
				504854CF1780FCAC00655429 /* Debug */,
				504854D01780FCAC00655429 /* Release */,
			);
			defaultConfigurationIsVisible = 0;
			defaultConfigurationName = Release;
		};
/* End XCConfigurationList section */
	};
	rootObject = 504854A91780FCAB00655429 /* Project object */;
}
